
Microsoft Visual Studio Solution File, Format Version 12.00
# Visual Studio Version 16
VisualStudioVersion = 16.0.30114.105
MinimumVisualStudioVersion = 10.0.40219.1
Project("{FAE04EC0-301F-11D3-BF4B-00C04F79EFBC}") = "Sample", "Sample.csproj", "{CCB2C019-07D8-40B2-A857-1BC041D76C6C}"
EndProject
Global
	GlobalSection(SolutionConfigurationPlatforms) = preSolution
		Debug|Any CPU = Debug|Any CPU
		Release|Any CPU = Release|Any CPU
	EndGlobalSection
	GlobalSection(SolutionProperties) = preSolution
		HideSolutionNode = FALSE
	EndGlobalSection
	GlobalSection(ProjectConfigurationPlatforms) = postSolution
		{CCB2C019-07D8-40B2-A857-1BC041D76C6C}.Debug|Any CPU.ActiveCfg = Debug|Any CPU
		{CCB2C019-07D8-40B2-A857-1BC041D76C6C}.Debug|Any CPU.Build.0 = Debug|Any CPU
		{CCB2C019-07D8-40B2-A857-1BC041D76C6C}.Release|Any CPU.ActiveCfg = Release|Any CPU
		{CCB2C019-07D8-40B2-A857-1BC041D76C6C}.Release|Any CPU.Build.0 = Release|Any CPU
	EndGlobalSection
EndGlobal
